
Microsoft Visual Studio Solution File, Format Version 12.00
# Visual Studio Version 16
VisualStudioVersion = 16.0.29424.173
MinimumVisualStudioVersion = 10.0.40219.1
Project("{9A19103F-16F7-4668-BE54-9A1E7A4F7556}") = "WebApplication1", "WebApplication1\WebApplication1.csproj", "{5A82A9A9-81BF-4CEC-BB39-DB30B3FB7929}"
EndProject
Project("{FAE04EC0-301F-11D3-BF4B-00C04F79EFBC}") = "webAppTest", "webAppTest\webAppTest.csproj", "{3ACB4611-45D2-4278-9814-59B1478EDE8E}"
EndProject
Global
	GlobalSection(SolutionConfigurationPlatforms) = preSolution
		Debug|Any CPU = Debug|Any CPU
		Release|Any CPU = Release|Any CPU
	EndGlobalSection
	GlobalSection(ProjectConfigurationPlatforms) = postSolution
		{5A82A9A9-81BF-4CEC-BB39-DB30B3FB7929}.Debug|Any CPU.ActiveCfg = Debug|Any CPU
		{5A82A9A9-81BF-4CEC-BB39-DB30B3FB7929}.Debug|Any CPU.Build.0 = Debug|Any CPU
		{5A82A9A9-81BF-4CEC-BB39-DB30B3FB7929}.Release|Any CPU.ActiveCfg = Release|Any CPU
		{5A82A9A9-81BF-4CEC-BB39-DB30B3FB7929}.Release|Any CPU.Build.0 = Release|Any CPU
		{3ACB4611-45D2-4278-9814-59B1478EDE8E}.Debug|Any CPU.ActiveCfg = Debug|Any CPU
		{3ACB4611-45D2-4278-9814-59B1478EDE8E}.Debug|Any CPU.Build.0 = Debug|Any CPU
		{3ACB4611-45D2-4278-9814-59B1478EDE8E}.Release|Any CPU.ActiveCfg = Release|Any CPU
		{3ACB4611-45D2-4278-9814-59B1478EDE8E}.Release|Any CPU.Build.0 = Release|Any CPU
	EndGlobalSection
	GlobalSection(SolutionProperties) = preSolution
		HideSolutionNode = FALSE
	EndGlobalSection
	GlobalSection(ExtensibilityGlobals) = postSolution
		SolutionGuid = {23C2DC21-3477-47BD-A2E1-1B15FC7D128F}
	EndGlobalSection
EndGlobal
