
Microsoft Visual Studio Solution File, Format Version 12.00
# Visual Studio Version 16
VisualStudioVersion = 16.0.29418.71
MinimumVisualStudioVersion = 10.0.40219.1
Project("{FAE04EC0-301F-11D3-BF4B-00C04F79EFBC}") = "ConsoleApp1", "ConsoleApp1\ConsoleApp1.csproj", "{035CDB67-1E49-475A-8E28-CCC0A8565369}"
EndProject
Global
	GlobalSection(SolutionConfigurationPlatforms) = preSolution
		Debug|Any CPU = Debug|Any CPU
		Release|Any CPU = Release|Any CPU
	EndGlobalSection
	GlobalSection(ProjectConfigurationPlatforms) = postSolution
		{035CDB67-1E49-475A-8E28-CCC0A8565369}.Debug|Any CPU.ActiveCfg = Debug|Any CPU
		{035CDB67-1E49-475A-8E28-CCC0A8565369}.Debug|Any CPU.Build.0 = Debug|Any CPU
		{035CDB67-1E49-475A-8E28-CCC0A8565369}.Release|Any CPU.ActiveCfg = Release|Any CPU
		{035CDB67-1E49-475A-8E28-CCC0A8565369}.Release|Any CPU.Build.0 = Release|Any CPU
	EndGlobalSection
	GlobalSection(SolutionProperties) = preSolution
		HideSolutionNode = FALSE
	EndGlobalSection
	GlobalSection(ExtensibilityGlobals) = postSolution
		SolutionGuid = {5155F848-D708-46F2-B020-69CEA703BB45}
	EndGlobalSection
EndGlobal
